// !$*UTF8*$!
{
	archiveVersion = 1;
	classes = {
	};
	objectVersion = 48;
	objects = {

/* Begin PBXBuildFile section */
		3A0A31916464567BCE629884 /* Pods_MagicLifeCounterTests.framework in Frameworks */ = {isa = PBXBuildFile; fileRef = DF80B4C48AF5397C57773FE9 /* Pods_MagicLifeCounterTests.framework */; };
		44295597208958DB002878BF /* ConfigView.swift in Sources */ = {isa = PBXBuildFile; fileRef = 44295596208958DB002878BF /* ConfigView.swift */; };
		446EE389207662F500F2E7FE /* AppDelegate.swift in Sources */ = {isa = PBXBuildFile; fileRef = 446EE388207662F500F2E7FE /* AppDelegate.swift */; };
		446EE38B207662F500F2E7FE /* ViewController.swift in Sources */ = {isa = PBXBuildFile; fileRef = 446EE38A207662F500F2E7FE /* ViewController.swift */; };
		446EE38E207662F500F2E7FE /* Main.storyboard in Resources */ = {isa = PBXBuildFile; fileRef = 446EE38C207662F500F2E7FE /* Main.storyboard */; };
		446EE390207662F500F2E7FE /* Assets.xcassets in Resources */ = {isa = PBXBuildFile; fileRef = 446EE38F207662F500F2E7FE /* Assets.xcassets */; };
		446EE393207662F500F2E7FE /* LaunchScreen.storyboard in Resources */ = {isa = PBXBuildFile; fileRef = 446EE391207662F500F2E7FE /* LaunchScreen.storyboard */; };
		446EE39E207662F500F2E7FE /* MagicLifeCounterTests.swift in Sources */ = {isa = PBXBuildFile; fileRef = 446EE39D207662F500F2E7FE /* MagicLifeCounterTests.swift */; };
		446EE3AA2076632700F2E7FE /* Match.swift in Sources */ = {isa = PBXBuildFile; fileRef = 446EE3A92076632700F2E7FE /* Match.swift */; };
		446EE3AD2076653100F2E7FE /* GameConfig.swift in Sources */ = {isa = PBXBuildFile; fileRef = 446EE3AC2076653100F2E7FE /* GameConfig.swift */; };
		446EE3B02076733100F2E7FE /* Player.swift in Sources */ = {isa = PBXBuildFile; fileRef = 446EE3AF2076733100F2E7FE /* Player.swift */; };
		44D47C1D2077B21C0068506A /* PlayerTests.swift in Sources */ = {isa = PBXBuildFile; fileRef = 44D47C1C2077B21C0068506A /* PlayerTests.swift */; };
		44D47C1F2077B2B30068506A /* MatchTests.swift in Sources */ = {isa = PBXBuildFile; fileRef = 44D47C1E2077B2B30068506A /* MatchTests.swift */; };
		44D47C212077B2BC0068506A /* GameConfigTests.swift in Sources */ = {isa = PBXBuildFile; fileRef = 44D47C202077B2BC0068506A /* GameConfigTests.swift */; };
		6F041E742084BF8100FED779 /* PlayerScoreView.swift in Sources */ = {isa = PBXBuildFile; fileRef = 6F041E732084BF8100FED779 /* PlayerScoreView.swift */; };
		EA687D3488565DFC74E75F70 /* Pods_MagicLifeCounter.framework in Frameworks */ = {isa = PBXBuildFile; fileRef = 491BD60DCE5374F2F26DE0B2 /* Pods_MagicLifeCounter.framework */; };
/* End PBXBuildFile section */

/* Begin PBXContainerItemProxy section */
		446EE39A207662F500F2E7FE /* PBXContainerItemProxy */ = {
			isa = PBXContainerItemProxy;
			containerPortal = 446EE37D207662F500F2E7FE /* Project object */;
			proxyType = 1;
			remoteGlobalIDString = 446EE384207662F500F2E7FE;
			remoteInfo = MagicLifeCounter;
		};
/* End PBXContainerItemProxy section */

/* Begin PBXFileReference section */
		2D8B1E7E6E8D936EC862761A /* Pods-MagicLifeCounterTests.release.xcconfig */ = {isa = PBXFileReference; includeInIndex = 1; lastKnownFileType = text.xcconfig; name = "Pods-MagicLifeCounterTests.release.xcconfig"; path = "Pods/Target Support Files/Pods-MagicLifeCounterTests/Pods-MagicLifeCounterTests.release.xcconfig"; sourceTree = "<group>"; };
		44295596208958DB002878BF /* ConfigView.swift */ = {isa = PBXFileReference; lastKnownFileType = sourcecode.swift; path = ConfigView.swift; sourceTree = "<group>"; };
		446EE385207662F500F2E7FE /* MagicLifeCounter.app */ = {isa = PBXFileReference; explicitFileType = wrapper.application; includeInIndex = 0; path = MagicLifeCounter.app; sourceTree = BUILT_PRODUCTS_DIR; };
		446EE388207662F500F2E7FE /* AppDelegate.swift */ = {isa = PBXFileReference; lastKnownFileType = sourcecode.swift; path = AppDelegate.swift; sourceTree = "<group>"; };
		446EE38A207662F500F2E7FE /* ViewController.swift */ = {isa = PBXFileReference; lastKnownFileType = sourcecode.swift; path = ViewController.swift; sourceTree = "<group>"; };
		446EE38D207662F500F2E7FE /* Base */ = {isa = PBXFileReference; lastKnownFileType = file.storyboard; name = Base; path = Base.lproj/Main.storyboard; sourceTree = "<group>"; };
		446EE38F207662F500F2E7FE /* Assets.xcassets */ = {isa = PBXFileReference; lastKnownFileType = folder.assetcatalog; path = Assets.xcassets; sourceTree = "<group>"; };
		446EE392207662F500F2E7FE /* Base */ = {isa = PBXFileReference; lastKnownFileType = file.storyboard; name = Base; path = Base.lproj/LaunchScreen.storyboard; sourceTree = "<group>"; };
		446EE394207662F500F2E7FE /* Info.plist */ = {isa = PBXFileReference; lastKnownFileType = text.plist.xml; path = Info.plist; sourceTree = "<group>"; };
		446EE399207662F500F2E7FE /* MagicLifeCounterTests.xctest */ = {isa = PBXFileReference; explicitFileType = wrapper.cfbundle; includeInIndex = 0; path = MagicLifeCounterTests.xctest; sourceTree = BUILT_PRODUCTS_DIR; };
		446EE39D207662F500F2E7FE /* MagicLifeCounterTests.swift */ = {isa = PBXFileReference; lastKnownFileType = sourcecode.swift; path = MagicLifeCounterTests.swift; sourceTree = "<group>"; };
		446EE39F207662F500F2E7FE /* Info.plist */ = {isa = PBXFileReference; lastKnownFileType = text.plist.xml; path = Info.plist; sourceTree = "<group>"; };
		446EE3A92076632700F2E7FE /* Match.swift */ = {isa = PBXFileReference; lastKnownFileType = sourcecode.swift; path = Match.swift; sourceTree = "<group>"; };
		446EE3AC2076653100F2E7FE /* GameConfig.swift */ = {isa = PBXFileReference; lastKnownFileType = sourcecode.swift; path = GameConfig.swift; sourceTree = "<group>"; };
		446EE3AF2076733100F2E7FE /* Player.swift */ = {isa = PBXFileReference; lastKnownFileType = sourcecode.swift; path = Player.swift; sourceTree = "<group>"; };
		44D47C1C2077B21C0068506A /* PlayerTests.swift */ = {isa = PBXFileReference; lastKnownFileType = sourcecode.swift; path = PlayerTests.swift; sourceTree = "<group>"; };
		44D47C1E2077B2B30068506A /* MatchTests.swift */ = {isa = PBXFileReference; lastKnownFileType = sourcecode.swift; path = MatchTests.swift; sourceTree = "<group>"; };
		44D47C202077B2BC0068506A /* GameConfigTests.swift */ = {isa = PBXFileReference; lastKnownFileType = sourcecode.swift; path = GameConfigTests.swift; sourceTree = "<group>"; };
		491BD60DCE5374F2F26DE0B2 /* Pods_MagicLifeCounter.framework */ = {isa = PBXFileReference; explicitFileType = wrapper.framework; includeInIndex = 0; path = Pods_MagicLifeCounter.framework; sourceTree = BUILT_PRODUCTS_DIR; };
		5DD54C708DD14B45DEABDFEA /* Pods-MagicLifeCounter.debug.xcconfig */ = {isa = PBXFileReference; includeInIndex = 1; lastKnownFileType = text.xcconfig; name = "Pods-MagicLifeCounter.debug.xcconfig"; path = "Pods/Target Support Files/Pods-MagicLifeCounter/Pods-MagicLifeCounter.debug.xcconfig"; sourceTree = "<group>"; };
		67CC1DB081283D31BD6CC348 /* Pods-MagicLifeCounter.release.xcconfig */ = {isa = PBXFileReference; includeInIndex = 1; lastKnownFileType = text.xcconfig; name = "Pods-MagicLifeCounter.release.xcconfig"; path = "Pods/Target Support Files/Pods-MagicLifeCounter/Pods-MagicLifeCounter.release.xcconfig"; sourceTree = "<group>"; };
		6F041E732084BF8100FED779 /* PlayerScoreView.swift */ = {isa = PBXFileReference; lastKnownFileType = sourcecode.swift; path = PlayerScoreView.swift; sourceTree = "<group>"; };
		DF80B4C48AF5397C57773FE9 /* Pods_MagicLifeCounterTests.framework */ = {isa = PBXFileReference; explicitFileType = wrapper.framework; includeInIndex = 0; path = Pods_MagicLifeCounterTests.framework; sourceTree = BUILT_PRODUCTS_DIR; };
		FEDE95DD4E3E85045158ABFB /* Pods-MagicLifeCounterTests.debug.xcconfig */ = {isa = PBXFileReference; includeInIndex = 1; lastKnownFileType = text.xcconfig; name = "Pods-MagicLifeCounterTests.debug.xcconfig"; path = "Pods/Target Support Files/Pods-MagicLifeCounterTests/Pods-MagicLifeCounterTests.debug.xcconfig"; sourceTree = "<group>"; };
/* End PBXFileReference section */

/* Begin PBXFrameworksBuildPhase section */
		446EE382207662F500F2E7FE /* Frameworks */ = {
			isa = PBXFrameworksBuildPhase;
			buildActionMask = 2147483647;
			files = (
				EA687D3488565DFC74E75F70 /* Pods_MagicLifeCounter.framework in Frameworks */,
			);
			runOnlyForDeploymentPostprocessing = 0;
		};
		446EE396207662F500F2E7FE /* Frameworks */ = {
			isa = PBXFrameworksBuildPhase;
			buildActionMask = 2147483647;
			files = (
				3A0A31916464567BCE629884 /* Pods_MagicLifeCounterTests.framework in Frameworks */,
			);
			runOnlyForDeploymentPostprocessing = 0;
		};
/* End PBXFrameworksBuildPhase section */

/* Begin PBXGroup section */
		446EE37C207662F500F2E7FE = {
			isa = PBXGroup;
			children = (
				446EE387207662F500F2E7FE /* MagicLifeCounter */,
				446EE39C207662F500F2E7FE /* MagicLifeCounterTests */,
				446EE386207662F500F2E7FE /* Products */,
				C08301E2EA9271C74DB3B852 /* Pods */,
				B10087430EEF89FE4D6ADEFE /* Frameworks */,
			);
			sourceTree = "<group>";
		};
		446EE386207662F500F2E7FE /* Products */ = {
			isa = PBXGroup;
			children = (
				446EE385207662F500F2E7FE /* MagicLifeCounter.app */,
				446EE399207662F500F2E7FE /* MagicLifeCounterTests.xctest */,
			);
			name = Products;
			sourceTree = "<group>";
		};
		446EE387207662F500F2E7FE /* MagicLifeCounter */ = {
			isa = PBXGroup;
			children = (
				6F041E702084BE2C00FED779 /* View */,
				446EE3A82076631000F2E7FE /* Model */,
				446EE388207662F500F2E7FE /* AppDelegate.swift */,
				446EE38A207662F500F2E7FE /* ViewController.swift */,
				446EE38C207662F500F2E7FE /* Main.storyboard */,
				446EE38F207662F500F2E7FE /* Assets.xcassets */,
				446EE391207662F500F2E7FE /* LaunchScreen.storyboard */,
				446EE394207662F500F2E7FE /* Info.plist */,
			);
			path = MagicLifeCounter;
			sourceTree = "<group>";
		};
		446EE39C207662F500F2E7FE /* MagicLifeCounterTests */ = {
			isa = PBXGroup;
			children = (
				44D47C202077B2BC0068506A /* GameConfigTests.swift */,
				44D47C1E2077B2B30068506A /* MatchTests.swift */,
				44D47C1C2077B21C0068506A /* PlayerTests.swift */,
				446EE39D207662F500F2E7FE /* MagicLifeCounterTests.swift */,
				446EE39F207662F500F2E7FE /* Info.plist */,
			);
			path = MagicLifeCounterTests;
			sourceTree = "<group>";
		};
		446EE3A82076631000F2E7FE /* Model */ = {
			isa = PBXGroup;
			children = (
				446EE3AC2076653100F2E7FE /* GameConfig.swift */,
				446EE3A92076632700F2E7FE /* Match.swift */,
				446EE3AF2076733100F2E7FE /* Player.swift */,
			);
			path = Model;
			sourceTree = "<group>";
		};
		6F041E702084BE2C00FED779 /* View */ = {
			isa = PBXGroup;
			children = (
				6F041E732084BF8100FED779 /* PlayerScoreView.swift */,
				44295596208958DB002878BF /* ConfigView.swift */,
			);
			path = View;
			sourceTree = "<group>";
		};
		B10087430EEF89FE4D6ADEFE /* Frameworks */ = {
			isa = PBXGroup;
			children = (
				491BD60DCE5374F2F26DE0B2 /* Pods_MagicLifeCounter.framework */,
				DF80B4C48AF5397C57773FE9 /* Pods_MagicLifeCounterTests.framework */,
			);
			name = Frameworks;
			sourceTree = "<group>";
		};
		C08301E2EA9271C74DB3B852 /* Pods */ = {
			isa = PBXGroup;
			children = (
				5DD54C708DD14B45DEABDFEA /* Pods-MagicLifeCounter.debug.xcconfig */,
				67CC1DB081283D31BD6CC348 /* Pods-MagicLifeCounter.release.xcconfig */,
				FEDE95DD4E3E85045158ABFB /* Pods-MagicLifeCounterTests.debug.xcconfig */,
				2D8B1E7E6E8D936EC862761A /* Pods-MagicLifeCounterTests.release.xcconfig */,
			);
			name = Pods;
			sourceTree = "<group>";
		};
/* End PBXGroup section */

/* Begin PBXNativeTarget section */
		446EE384207662F500F2E7FE /* MagicLifeCounter */ = {
			isa = PBXNativeTarget;
			buildConfigurationList = 446EE3A2207662F500F2E7FE /* Build configuration list for PBXNativeTarget "MagicLifeCounter" */;
			buildPhases = (
				668D9C310F2DF1DD9E1E3139 /* [CP] Check Pods Manifest.lock */,
				446EE381207662F500F2E7FE /* Sources */,
				446EE382207662F500F2E7FE /* Frameworks */,
				446EE383207662F500F2E7FE /* Resources */,
				3803ADFB316EE26D1773459E /* [CP] Embed Pods Frameworks */,
			);
			buildRules = (
			);
			dependencies = (
			);
			name = MagicLifeCounter;
			productName = MagicLifeCounter;
			productReference = 446EE385207662F500F2E7FE /* MagicLifeCounter.app */;
			productType = "com.apple.product-type.application";
		};
		446EE398207662F500F2E7FE /* MagicLifeCounterTests */ = {
			isa = PBXNativeTarget;
			buildConfigurationList = 446EE3A5207662F500F2E7FE /* Build configuration list for PBXNativeTarget "MagicLifeCounterTests" */;
			buildPhases = (
				0A78B66E296545D57B777364 /* [CP] Check Pods Manifest.lock */,
				446EE395207662F500F2E7FE /* Sources */,
				446EE396207662F500F2E7FE /* Frameworks */,
				446EE397207662F500F2E7FE /* Resources */,
			);
			buildRules = (
			);
			dependencies = (
				446EE39B207662F500F2E7FE /* PBXTargetDependency */,
			);
			name = MagicLifeCounterTests;
			productName = MagicLifeCounterTests;
			productReference = 446EE399207662F500F2E7FE /* MagicLifeCounterTests.xctest */;
			productType = "com.apple.product-type.bundle.unit-test";
		};
/* End PBXNativeTarget section */

/* Begin PBXProject section */
		446EE37D207662F500F2E7FE /* Project object */ = {
			isa = PBXProject;
			attributes = {
				LastSwiftUpdateCheck = 0920;
				LastUpgradeCheck = 0930;
				ORGANIZATIONNAME = GS;
				TargetAttributes = {
					446EE384207662F500F2E7FE = {
						CreatedOnToolsVersion = 9.2;
						ProvisioningStyle = Manual;
					};
					446EE398207662F500F2E7FE = {
						CreatedOnToolsVersion = 9.2;
						ProvisioningStyle = Automatic;
						TestTargetID = 446EE384207662F500F2E7FE;
					};
				};
			};
			buildConfigurationList = 446EE380207662F500F2E7FE /* Build configuration list for PBXProject "MagicLifeCounter" */;
			compatibilityVersion = "Xcode 8.0";
			developmentRegion = en;
			hasScannedForEncodings = 0;
			knownRegions = (
				en,
				Base,
			);
			mainGroup = 446EE37C207662F500F2E7FE;
			productRefGroup = 446EE386207662F500F2E7FE /* Products */;
			projectDirPath = "";
			projectRoot = "";
			targets = (
				446EE384207662F500F2E7FE /* MagicLifeCounter */,
				446EE398207662F500F2E7FE /* MagicLifeCounterTests */,
			);
		};
/* End PBXProject section */

/* Begin PBXResourcesBuildPhase section */
		446EE383207662F500F2E7FE /* Resources */ = {
			isa = PBXResourcesBuildPhase;
			buildActionMask = 2147483647;
			files = (
				446EE393207662F500F2E7FE /* LaunchScreen.storyboard in Resources */,
				446EE390207662F500F2E7FE /* Assets.xcassets in Resources */,
				446EE38E207662F500F2E7FE /* Main.storyboard in Resources */,
			);
			runOnlyForDeploymentPostprocessing = 0;
		};
		446EE397207662F500F2E7FE /* Resources */ = {
			isa = PBXResourcesBuildPhase;
			buildActionMask = 2147483647;
			files = (
			);
			runOnlyForDeploymentPostprocessing = 0;
		};
/* End PBXResourcesBuildPhase section */

/* Begin PBXShellScriptBuildPhase section */
		0A78B66E296545D57B777364 /* [CP] Check Pods Manifest.lock */ = {
			isa = PBXShellScriptBuildPhase;
			buildActionMask = 2147483647;
			files = (
			);
			inputPaths = (
				"${PODS_PODFILE_DIR_PATH}/Podfile.lock",
				"${PODS_ROOT}/Manifest.lock",
			);
			name = "[CP] Check Pods Manifest.lock";
			outputPaths = (
				"$(DERIVED_FILE_DIR)/Pods-MagicLifeCounterTests-checkManifestLockResult.txt",
			);
			runOnlyForDeploymentPostprocessing = 0;
			shellPath = /bin/sh;
			shellScript = "diff \"${PODS_PODFILE_DIR_PATH}/Podfile.lock\" \"${PODS_ROOT}/Manifest.lock\" > /dev/null\nif [ $? != 0 ] ; then\n    # print error to STDERR\n    echo \"error: The sandbox is not in sync with the Podfile.lock. Run 'pod install' or update your CocoaPods installation.\" >&2\n    exit 1\nfi\n# This output is used by Xcode 'outputs' to avoid re-running this script phase.\necho \"SUCCESS\" > \"${SCRIPT_OUTPUT_FILE_0}\"\n";
			showEnvVarsInLog = 0;
		};
		3803ADFB316EE26D1773459E /* [CP] Embed Pods Frameworks */ = {
			isa = PBXShellScriptBuildPhase;
			buildActionMask = 2147483647;
			files = (
			);
			inputPaths = (
				"${SRCROOT}/Pods/Target Support Files/Pods-MagicLifeCounter/Pods-MagicLifeCounter-frameworks.sh",
				"${BUILT_PRODUCTS_DIR}/SnapKit/SnapKit.framework",
			);
			name = "[CP] Embed Pods Frameworks";
			outputPaths = (
				"${TARGET_BUILD_DIR}/${FRAMEWORKS_FOLDER_PATH}/SnapKit.framework",
			);
			runOnlyForDeploymentPostprocessing = 0;
			shellPath = /bin/sh;
			shellScript = "\"${SRCROOT}/Pods/Target Support Files/Pods-MagicLifeCounter/Pods-MagicLifeCounter-frameworks.sh\"\n";
			showEnvVarsInLog = 0;
		};
		668D9C310F2DF1DD9E1E3139 /* [CP] Check Pods Manifest.lock */ = {
			isa = PBXShellScriptBuildPhase;
			buildActionMask = 2147483647;
			files = (
			);
			inputPaths = (
				"${PODS_PODFILE_DIR_PATH}/Podfile.lock",
				"${PODS_ROOT}/Manifest.lock",
			);
			name = "[CP] Check Pods Manifest.lock";
			outputPaths = (
				"$(DERIVED_FILE_DIR)/Pods-MagicLifeCounter-checkManifestLockResult.txt",
			);
			runOnlyForDeploymentPostprocessing = 0;
			shellPath = /bin/sh;
			shellScript = "diff \"${PODS_PODFILE_DIR_PATH}/Podfile.lock\" \"${PODS_ROOT}/Manifest.lock\" > /dev/null\nif [ $? != 0 ] ; then\n    # print error to STDERR\n    echo \"error: The sandbox is not in sync with the Podfile.lock. Run 'pod install' or update your CocoaPods installation.\" >&2\n    exit 1\nfi\n# This output is used by Xcode 'outputs' to avoid re-running this script phase.\necho \"SUCCESS\" > \"${SCRIPT_OUTPUT_FILE_0}\"\n";
			showEnvVarsInLog = 0;
		};
/* End PBXShellScriptBuildPhase section */

/* Begin PBXSourcesBuildPhase section */
		446EE381207662F500F2E7FE /* Sources */ = {
			isa = PBXSourcesBuildPhase;
			buildActionMask = 2147483647;
			files = (
				446EE38B207662F500F2E7FE /* ViewController.swift in Sources */,
				446EE389207662F500F2E7FE /* AppDelegate.swift in Sources */,
				6F041E742084BF8100FED779 /* PlayerScoreView.swift in Sources */,
				44295597208958DB002878BF /* ConfigView.swift in Sources */,
				446EE3AA2076632700F2E7FE /* Match.swift in Sources */,
				446EE3B02076733100F2E7FE /* Player.swift in Sources */,
				446EE3AD2076653100F2E7FE /* GameConfig.swift in Sources */,
			);
			runOnlyForDeploymentPostprocessing = 0;
		};
		446EE395207662F500F2E7FE /* Sources */ = {
			isa = PBXSourcesBuildPhase;
			buildActionMask = 2147483647;
			files = (
				44D47C1D2077B21C0068506A /* PlayerTests.swift in Sources */,
				44D47C1F2077B2B30068506A /* MatchTests.swift in Sources */,
				446EE39E207662F500F2E7FE /* MagicLifeCounterTests.swift in Sources */,
				44D47C212077B2BC0068506A /* GameConfigTests.swift in Sources */,
			);
			runOnlyForDeploymentPostprocessing = 0;
		};
/* End PBXSourcesBuildPhase section */

/* Begin PBXTargetDependency section */
		446EE39B207662F500F2E7FE /* PBXTargetDependency */ = {
			isa = PBXTargetDependency;
			target = 446EE384207662F500F2E7FE /* MagicLifeCounter */;
			targetProxy = 446EE39A207662F500F2E7FE /* PBXContainerItemProxy */;
		};
/* End PBXTargetDependency section */

/* Begin PBXVariantGroup section */
		446EE38C207662F500F2E7FE /* Main.storyboard */ = {
			isa = PBXVariantGroup;
			children = (
				446EE38D207662F500F2E7FE /* Base */,
			);
			name = Main.storyboard;
			sourceTree = "<group>";
		};
		446EE391207662F500F2E7FE /* LaunchScreen.storyboard */ = {
			isa = PBXVariantGroup;
			children = (
				446EE392207662F500F2E7FE /* Base */,
			);
			name = LaunchScreen.storyboard;
			sourceTree = "<group>";
		};
/* End PBXVariantGroup section */

/* Begin XCBuildConfiguration section */
		446EE3A0207662F500F2E7FE /* Debug */ = {
			isa = XCBuildConfiguration;
			buildSettings = {
				ALWAYS_SEARCH_USER_PATHS = NO;
				CLANG_ANALYZER_NONNULL = YES;
				CLANG_ANALYZER_NUMBER_OBJECT_CONVERSION = YES_AGGRESSIVE;
				CLANG_CXX_LANGUAGE_STANDARD = "gnu++14";
				CLANG_CXX_LIBRARY = "libc++";
				CLANG_ENABLE_MODULES = YES;
				CLANG_ENABLE_OBJC_ARC = YES;
				CLANG_WARN_BLOCK_CAPTURE_AUTORELEASING = YES;
				CLANG_WARN_BOOL_CONVERSION = YES;
				CLANG_WARN_COMMA = YES;
				CLANG_WARN_CONSTANT_CONVERSION = YES;
				CLANG_WARN_DEPRECATED_OBJC_IMPLEMENTATIONS = YES;
				CLANG_WARN_DIRECT_OBJC_ISA_USAGE = YES_ERROR;
				CLANG_WARN_DOCUMENTATION_COMMENTS = YES;
				CLANG_WARN_EMPTY_BODY = YES;
				CLANG_WARN_ENUM_CONVERSION = YES;
				CLANG_WARN_INFINITE_RECURSION = YES;
				CLANG_WARN_INT_CONVERSION = YES;
				CLANG_WARN_NON_LITERAL_NULL_CONVERSION = YES;
				CLANG_WARN_OBJC_IMPLICIT_RETAIN_SELF = YES;
				CLANG_WARN_OBJC_LITERAL_CONVERSION = YES;
				CLANG_WARN_OBJC_ROOT_CLASS = YES_ERROR;
				CLANG_WARN_RANGE_LOOP_ANALYSIS = YES;
				CLANG_WARN_STRICT_PROTOTYPES = YES;
				CLANG_WARN_SUSPICIOUS_MOVE = YES;
				CLANG_WARN_UNGUARDED_AVAILABILITY = YES_AGGRESSIVE;
				CLANG_WARN_UNREACHABLE_CODE = YES;
				CLANG_WARN__DUPLICATE_METHOD_MATCH = YES;
				CODE_SIGN_IDENTITY = "iPhone Developer";
				COPY_PHASE_STRIP = NO;
				DEBUG_INFORMATION_FORMAT = dwarf;
				ENABLE_STRICT_OBJC_MSGSEND = YES;
				ENABLE_TESTABILITY = YES;
				GCC_C_LANGUAGE_STANDARD = gnu11;
				GCC_DYNAMIC_NO_PIC = NO;
				GCC_NO_COMMON_BLOCKS = YES;
				GCC_OPTIMIZATION_LEVEL = 0;
				GCC_PREPROCESSOR_DEFINITIONS = (
					"DEBUG=1",
					"$(inherited)",
				);
				GCC_WARN_64_TO_32_BIT_CONVERSION = YES;
				GCC_WARN_ABOUT_RETURN_TYPE = YES_ERROR;
				GCC_WARN_UNDECLARED_SELECTOR = YES;
				GCC_WARN_UNINITIALIZED_AUTOS = YES_AGGRESSIVE;
				GCC_WARN_UNUSED_FUNCTION = YES;
				GCC_WARN_UNUSED_VARIABLE = YES;
				IPHONEOS_DEPLOYMENT_TARGET = 11.3;
				MTL_ENABLE_DEBUG_INFO = YES;
				ONLY_ACTIVE_ARCH = YES;
				SDKROOT = iphoneos;
				SWIFT_ACTIVE_COMPILATION_CONDITIONS = DEBUG;
				SWIFT_OPTIMIZATION_LEVEL = "-Onone";
			};
			name = Debug;
		};
		446EE3A1207662F500F2E7FE /* Release */ = {
			isa = XCBuildConfiguration;
			buildSettings = {
				ALWAYS_SEARCH_USER_PATHS = NO;
				CLANG_ANALYZER_NONNULL = YES;
				CLANG_ANALYZER_NUMBER_OBJECT_CONVERSION = YES_AGGRESSIVE;
				CLANG_CXX_LANGUAGE_STANDARD = "gnu++14";
				CLANG_CXX_LIBRARY = "libc++";
				CLANG_ENABLE_MODULES = YES;
				CLANG_ENABLE_OBJC_ARC = YES;
				CLANG_WARN_BLOCK_CAPTURE_AUTORELEASING = YES;
				CLANG_WARN_BOOL_CONVERSION = YES;
				CLANG_WARN_COMMA = YES;
				CLANG_WARN_CONSTANT_CONVERSION = YES;
				CLANG_WARN_DEPRECATED_OBJC_IMPLEMENTATIONS = YES;
				CLANG_WARN_DIRECT_OBJC_ISA_USAGE = YES_ERROR;
				CLANG_WARN_DOCUMENTATION_COMMENTS = YES;
				CLANG_WARN_EMPTY_BODY = YES;
				CLANG_WARN_ENUM_CONVERSION = YES;
				CLANG_WARN_INFINITE_RECURSION = YES;
				CLANG_WARN_INT_CONVERSION = YES;
				CLANG_WARN_NON_LITERAL_NULL_CONVERSION = YES;
				CLANG_WARN_OBJC_IMPLICIT_RETAIN_SELF = YES;
				CLANG_WARN_OBJC_LITERAL_CONVERSION = YES;
				CLANG_WARN_OBJC_ROOT_CLASS = YES_ERROR;
				CLANG_WARN_RANGE_LOOP_ANALYSIS = YES;
				CLANG_WARN_STRICT_PROTOTYPES = YES;
				CLANG_WARN_SUSPICIOUS_MOVE = YES;
				CLANG_WARN_UNGUARDED_AVAILABILITY = YES_AGGRESSIVE;
				CLANG_WARN_UNREACHABLE_CODE = YES;
				CLANG_WARN__DUPLICATE_METHOD_MATCH = YES;
				CODE_SIGN_IDENTITY = "iPhone Developer";
				COPY_PHASE_STRIP = NO;
				DEBUG_INFORMATION_FORMAT = "dwarf-with-dsym";
				ENABLE_NS_ASSERTIONS = NO;
				ENABLE_STRICT_OBJC_MSGSEND = YES;
				GCC_C_LANGUAGE_STANDARD = gnu11;
				GCC_NO_COMMON_BLOCKS = YES;
				GCC_WARN_64_TO_32_BIT_CONVERSION = YES;
				GCC_WARN_ABOUT_RETURN_TYPE = YES_ERROR;
				GCC_WARN_UNDECLARED_SELECTOR = YES;
				GCC_WARN_UNINITIALIZED_AUTOS = YES_AGGRESSIVE;
				GCC_WARN_UNUSED_FUNCTION = YES;
				GCC_WARN_UNUSED_VARIABLE = YES;
				IPHONEOS_DEPLOYMENT_TARGET = 11.3;
				MTL_ENABLE_DEBUG_INFO = NO;
				SDKROOT = iphoneos;
				SWIFT_OPTIMIZATION_LEVEL = "-Owholemodule";
				VALIDATE_PRODUCT = YES;
			};
			name = Release;
		};
		446EE3A3207662F500F2E7FE /* Debug */ = {
			isa = XCBuildConfiguration;
			baseConfigurationReference = 5DD54C708DD14B45DEABDFEA /* Pods-MagicLifeCounter.debug.xcconfig */;
			buildSettings = {
				ALWAYS_EMBED_SWIFT_STANDARD_LIBRARIES = YES;
				ASSETCATALOG_COMPILER_APPICON_NAME = AppIcon;
				CODE_SIGN_STYLE = Manual;
				INFOPLIST_FILE = MagicLifeCounter/Info.plist;
				IPHONEOS_DEPLOYMENT_TARGET = 11.0;
				LD_RUNPATH_SEARCH_PATHS = "$(inherited) @executable_path/Frameworks";
				PRODUCT_BUNDLE_IDENTIFIER = com.siepmann.MagicLifeCounter;
				PRODUCT_NAME = "$(TARGET_NAME)";
				SWIFT_VERSION = 4.0;
				TARGETED_DEVICE_FAMILY = "1,2";
			};
			name = Debug;
		};
		446EE3A4207662F500F2E7FE /* Release */ = {
			isa = XCBuildConfiguration;
			baseConfigurationReference = 67CC1DB081283D31BD6CC348 /* Pods-MagicLifeCounter.release.xcconfig */;
			buildSettings = {
				ALWAYS_EMBED_SWIFT_STANDARD_LIBRARIES = YES;
				ASSETCATALOG_COMPILER_APPICON_NAME = AppIcon;
				CODE_SIGN_STYLE = Manual;
				INFOPLIST_FILE = MagicLifeCounter/Info.plist;
				IPHONEOS_DEPLOYMENT_TARGET = 11.0;
				LD_RUNPATH_SEARCH_PATHS = "$(inherited) @executable_path/Frameworks";
				PRODUCT_BUNDLE_IDENTIFIER = com.siepmann.MagicLifeCounter;
				PRODUCT_NAME = "$(TARGET_NAME)";
				SWIFT_VERSION = 4.0;
				TARGETED_DEVICE_FAMILY = "1,2";
			};
			name = Release;
		};
		446EE3A6207662F500F2E7FE /* Debug */ = {
			isa = XCBuildConfiguration;
			baseConfigurationReference = FEDE95DD4E3E85045158ABFB /* Pods-MagicLifeCounterTests.debug.xcconfig */;
			buildSettings = {
				ALWAYS_EMBED_SWIFT_STANDARD_LIBRARIES = YES;
				BUNDLE_LOADER = "$(TEST_HOST)";
				CODE_SIGN_STYLE = Automatic;
				INFOPLIST_FILE = MagicLifeCounterTests/Info.plist;
				IPHONEOS_DEPLOYMENT_TARGET = 11.0;
				LD_RUNPATH_SEARCH_PATHS = "$(inherited) @executable_path/Frameworks @loader_path/Frameworks";
				PRODUCT_BUNDLE_IDENTIFIER = com.siepmann.MagicLifeCounterTests;
				PRODUCT_NAME = "$(TARGET_NAME)";
				SWIFT_VERSION = 4.0;
				TARGETED_DEVICE_FAMILY = "1,2";
				TEST_HOST = "$(BUILT_PRODUCTS_DIR)/MagicLifeCounter.app/MagicLifeCounter";
			};
			name = Debug;
		};
		446EE3A7207662F500F2E7FE /* Release */ = {
			isa = XCBuildConfiguration;
			baseConfigurationReference = 2D8B1E7E6E8D936EC862761A /* Pods-MagicLifeCounterTests.release.xcconfig */;
			buildSettings = {
				ALWAYS_EMBED_SWIFT_STANDARD_LIBRARIES = YES;
				BUNDLE_LOADER = "$(TEST_HOST)";
				CODE_SIGN_STYLE = Automatic;
				INFOPLIST_FILE = MagicLifeCounterTests/Info.plist;
				IPHONEOS_DEPLOYMENT_TARGET = 11.0;
				LD_RUNPATH_SEARCH_PATHS = "$(inherited) @executable_path/Frameworks @loader_path/Frameworks";
				PRODUCT_BUNDLE_IDENTIFIER = com.siepmann.MagicLifeCounterTests;
				PRODUCT_NAME = "$(TARGET_NAME)";
				SWIFT_VERSION = 4.0;
				TARGETED_DEVICE_FAMILY = "1,2";
				TEST_HOST = "$(BUILT_PRODUCTS_DIR)/MagicLifeCounter.app/MagicLifeCounter";
			};
			name = Release;
		};
/* End XCBuildConfiguration section */

/* Begin XCConfigurationList section */
		446EE380207662F500F2E7FE /* Build configuration list for PBXProject "MagicLifeCounter" */ = {
			isa = XCConfigurationList;
			buildConfigurations = (
				446EE3A0207662F500F2E7FE /* Debug */,
				446EE3A1207662F500F2E7FE /* Release */,
			);
			defaultConfigurationIsVisible = 0;
			defaultConfigurationName = Release;
		};
		446EE3A2207662F500F2E7FE /* Build configuration list for PBXNativeTarget "MagicLifeCounter" */ = {
			isa = XCConfigurationList;
			buildConfigurations = (
				446EE3A3207662F500F2E7FE /* Debug */,
				446EE3A4207662F500F2E7FE /* Release */,
			);
			defaultConfigurationIsVisible = 0;
			defaultConfigurationName = Release;
		};
		446EE3A5207662F500F2E7FE /* Build configuration list for PBXNativeTarget "MagicLifeCounterTests" */ = {
			isa = XCConfigurationList;
			buildConfigurations = (
				446EE3A6207662F500F2E7FE /* Debug */,
				446EE3A7207662F500F2E7FE /* Release */,
			);
			defaultConfigurationIsVisible = 0;
			defaultConfigurationName = Release;
		};
/* End XCConfigurationList section */
	};
	rootObject = 446EE37D207662F500F2E7FE /* Project object */;
}
